{"SurveyEntry":{"SurveyID":"SV_6YFUFAmg2iJR9Qy","SurveyName":"Reflective AI Survey Shell","SurveyDescription":"Importable shell for the reflective AI chatbot study.","SurveyOwnerID":null,"SurveyBrandID":null,"DivisionID":null,"SurveyLanguage":"EN","SurveyActiveResponseSet":"RS_ePulpZ2P8BtoJM2","SurveyStatus":"Inactive","SurveyStartDate":"0000-00-00 00:00:00","SurveyExpirationDate":"0000-00-00 00:00:00","SurveyCreationDate":"2023-08-02 10:28:12","CreatorID":null,"LastModified":"2023-08-02 11:40:19","LastAccessed":"0000-00-00 00:00:00","LastActivated":"0000-00-00 00:00:00","Deleted":null},"SurveyElements":[{"SurveyID":"SV_6YFUFAmg2iJR9Qy","Element":"BL","PrimaryAttribute":"Survey Blocks","SecondaryAttribute":null,"TertiaryAttribute":null,"Payload":{"1":{"Type":"Trash","Description":"Trash / Unused Questions","ID":"BL_1WVtkGLze2anpYN","BlockElements":[],"Options":{"BlockLocking":"false","RandomizeQuestions":"false","BlockVisibility":"Expanded"}},"37":{"Type":"Standard","SubType":"","Description":"Reflective AI Study Shell","ID":"BL_3IeCclKV7Z2jpqK","BlockElements":[{"Type":"Question","QuestionID":"QID2"},{"Type":"Question","QuestionID":"QID3"},{"Type":"Page Break"},{"Type":"Question","QuestionID":"QID4"},{"Type":"Question","QuestionID":"QID5"},{"Type":"Page Break"},{"Type":"Question","QuestionID":"QID6"},{"Type":"Page Break"},{"Type":"Question","QuestionID":"QID7"},{"Type":"Page Break"},{"Type":"Question","QuestionID":"QID8"},{"Type":"Question","QuestionID":"QID9"},{"Type":"Question","QuestionID":"QID10"},{"Type":"Question","QuestionID":"QID11"},{"Type":"Question","QuestionID":"QID33"},{"Type":"Question","QuestionID":"QID34"},{"Type":"Question","QuestionID":"QID35"},{"Type":"Question","QuestionID":"QID36"},{"Type":"Question","QuestionID":"QID37"},{"Type":"Question","QuestionID":"QID12"},{"Type":"Question","QuestionID":"QID13"},{"Type":"Question","QuestionID":"QID14"},{"Type":"Question","QuestionID":"QID15"},{"Type":"Question","QuestionID":"QID16"},{"Type":"Page Break"},{"Type":"Question","QuestionID":"QID17"},{"Type":"Question","QuestionID":"QID18"},{"Type":"Question","QuestionID":"QID19"},{"Type":"Page Break"},{"Type":"Question","QuestionID":"QID20"},{"Type":"Question","QuestionID":"QID21"},{"Type":"Question","QuestionID":"QID22"},{"Type":"Page Break"},{"Type":"Question","QuestionID":"QID23"},{"Type":"Question","QuestionID":"QID24"},{"Type":"Page Break"},{"Type":"Question","QuestionID":"QID38"},{"Type":"Page Break"},{"Type":"Question","QuestionID":"QID25"},{"Type":"Page Break"},{"Type":"Question","QuestionID":"QID26"},{"Type":"Page Break"},{"Type":"Question","QuestionID":"QID27"},{"Type":"Page Break"},{"Type":"Question","QuestionID":"QID28"},{"Type":"Page Break"},{"Type":"Question","QuestionID":"QID30"},{"Type":"Page Break"},{"Type":"Question","QuestionID":"QID29"},{"Type":"Page Break"},{"Type":"Question","QuestionID":"QID31"},{"Type":"Page Break"},{"Type":"Question","QuestionID":"QID32"}],"Options":{"BlockLocking":"false","RandomizeQuestions":"false","BlockVisibility":"Expanded","PreviousButton":"","previousButtonMID":"","NextButton":"Continue","nextButtonMID":"","previousButtonLibraryID":"","nextButtonLibraryID":""}},"44":{"Type":"Standard","SubType":"","Description":"waiting room timeout block","ID":"BL_aX0c7LgKpdoVbXU","BlockElements":[],"Options":{"BlockLocking":"false","RandomizeQuestions":"false","BlockVisibility":"Expanded"}},"47":{"Type":"Standard","SubType":"","Description":"technical issue apology block","ID":"BL_dpAkJulZoZm26jQ","BlockElements":[]},"48":{"Type":"Standard","SubType":"","Description":"thanks","ID":"BL_8vu93smrf8dsYh8","BlockElements":[]}}},{"SurveyID":"SV_6YFUFAmg2iJR9Qy","Element":"FL","PrimaryAttribute":"Survey Flow","SecondaryAttribute":null,"TertiaryAttribute":null,"Payload":{"Type":"Root","FlowID":"FL_1","Flow":[{"Type":"Standard","ID":"BL_3IeCclKV7Z2jpqK","FlowID":"FL_2","Autofill":[]}],"Properties":{"Count":2,"RemovedFieldsets":[]}}},{"SurveyID":"SV_6YFUFAmg2iJR9Qy","Element":"PL","PrimaryAttribute":"Preview Link","SecondaryAttribute":null,"TertiaryAttribute":null,"Payload":{"PreviewType":"Brand","PreviewID":"86ed84a7-f2a7-4538-81e7-c7a30bdf80d9"}},{"SurveyID":"SV_6YFUFAmg2iJR9Qy","Element":"SO","PrimaryAttribute":"Survey Options","SecondaryAttribute":null,"TertiaryAttribute":null,"Payload":{"BackButton":"false","SaveAndContinue":"true","SurveyProtection":"PublicSurvey","BallotBoxStuffingPrevention":"false","NoIndex":"Yes","SecureResponseFiles":"true","SurveyExpiration":null,"SurveyTermination":"DisplayMessage","Header":"","Footer":"","ProgressBarDisplay":"None","PartialData":"+4 hour","ValidationMessage":"","PreviousButton":" ← ","NextButton":" → ","SkinLibrary":"qualtrics","SkinType":"templated","Skin":{"brandingId":null,"templateId":"*2014","overrides":{"colors":{"primary":"#3c7d3c"}}},"NewScoring":1,"ProtectSelectionIds":true,"EOSMessage":"","ShowExportTags":"false","CollectGeoLocation":"false","SurveyTitle":"Reflective AI Survey Shell","SurveyMetaDescription":"Importable shell for the reflective AI chatbot study.","PasswordProtection":"No","AnonymizeResponse":"No","Password":"","RefererCheck":"No","RefererURL":"http://","ResponseSummary":"No","EOSMessageLibrary":"","EOSRedirectURL":"","EmailThankYou":"false","ThankYouEmailMessageLibrary":null,"ThankYouEmailMessage":null,"ValidateMessage":"true","ValidationMessageLibrary":"","InactiveSurvey":"DefaultMessage","PartialDataCloseAfter":"SurveyStart","ActiveResponseSet":null,"InactiveMessageLibrary":"","InactiveMessage":"","AvailableLanguages":{"EN":[]},"UseCustomSurveyLinkCompletedMessage":null,"SurveyLinkCompletedMessage":"","SurveyLinkCompletedMessageLibrary":"","CustomStyles":{"customCSS":""},"PartialDeletion":null,"RecaptchaV3":"false","ConfirmStart":false,"AutoConfirmStart":false}},{"SurveyID":"SV_6YFUFAmg2iJR9Qy","Element":"SCO","PrimaryAttribute":"Scoring","SecondaryAttribute":null,"TertiaryAttribute":null,"Payload":{"ScoringCategories":[],"ScoringCategoryGroups":[],"ScoringSummaryCategory":null,"ScoringSummaryAfterQuestions":0,"ScoringSummaryAfterSurvey":0,"DefaultScoringCategory":null,"AutoScoringCategory":null}},{"SurveyID":"SV_6YFUFAmg2iJR9Qy","Element":"PROJ","PrimaryAttribute":"CORE","SecondaryAttribute":null,"TertiaryAttribute":"1.1.0","Payload":{"ProjectCategory":"CORE","SchemaVersion":"1.1.0"}},{"SurveyID":"SV_6YFUFAmg2iJR9Qy","Element":"STAT","PrimaryAttribute":"Survey Statistics","SecondaryAttribute":null,"TertiaryAttribute":null,"Payload":{"MobileCompatible":true,"ID":"Survey Statistics"}},{"SurveyID":"SV_6YFUFAmg2iJR9Qy","Element":"RS","PrimaryAttribute":"RS_ePulpZ2P8BtoJM2","SecondaryAttribute":"Default Response Set","TertiaryAttribute":null,"Payload":null},{"SurveyID":"SV_6YFUFAmg2iJR9Qy","Element":"QC","PrimaryAttribute":"Survey Question Count","SecondaryAttribute":"37","TertiaryAttribute":null,"Payload":null},{"SurveyID":"SV_6YFUFAmg2iJR9Qy","Element":"SQ","PrimaryAttribute":"QID2","SecondaryAttribute":"{{CONSENT_HTML}}","TertiaryAttribute":null,"Payload":{"QuestionText":"{{CONSENT_HTML}}","DefaultChoices":false,"DataExportTag":"consent_html","QuestionType":"DB","Selector":"TB","Configuration":{"QuestionDescriptionOption":"UseText"},"QuestionDescription":"{{CONSENT_HTML}}","ChoiceOrder":[],"Validation":{"Settings":{"Type":"None"}},"GradingData":[],"Language":[],"NextChoiceId":4,"NextAnswerId":1,"QuestionID":"QID2","DataVisibility":{"Private":false,"Hidden":false}}},{"SurveyID":"SV_6YFUFAmg2iJR9Qy","Element":"SQ","PrimaryAttribute":"QID3","SecondaryAttribute":"Do you consent to participate in this study?","TertiaryAttribute":null,"Payload":{"QuestionText":"Do you consent to participate in this study?","DefaultChoices":false,"DataExportTag":"consent","QuestionType":"MC","Selector":"SAVR","Configuration":{"QuestionDescriptionOption":"UseText"},"QuestionDescription":"Do you consent to participate in this study?","ChoiceOrder":["1","2"],"Validation":{"Settings":{"ForceResponse":"ON","ForceResponseType":"ON","Type":"None"}},"GradingData":[],"Language":[],"NextChoiceId":3,"NextAnswerId":1,"QuestionID":"QID3","DataVisibility":{"Private":false,"Hidden":false},"SubSelector":"TX","Choices":{"1":{"Display":"Yes, I consent to participate."},"2":{"Display":"No, I do not consent."}}}},{"SurveyID":"SV_6YFUFAmg2iJR9Qy","Element":"SQ","PrimaryAttribute":"QID4","SecondaryAttribute":"{{STUDY_OVERVIEW_HTML}}","TertiaryAttribute":null,"Payload":{"QuestionText":"{{STUDY_OVERVIEW_HTML}}","DefaultChoices":false,"DataExportTag":"study_overview","QuestionType":"DB","Selector":"TB","Configuration":{"QuestionDescriptionOption":"UseText"},"QuestionDescription":"{{STUDY_OVERVIEW_HTML}}","ChoiceOrder":[],"Validation":{"Settings":{"Type":"None"}},"GradingData":[],"Language":[],"NextChoiceId":4,"NextAnswerId":1,"QuestionID":"QID4","DataVisibility":{"Private":false,"Hidden":false}}},{"SurveyID":"SV_6YFUFAmg2iJR9Qy","Element":"SQ","PrimaryAttribute":"QID5","SecondaryAttribute":"In this study, what will happen on the next pages?","TertiaryAttribute":null,"Payload":{"QuestionText":"In this study, what will happen on the next pages?","DefaultChoices":false,"DataExportTag":"comprehension","QuestionType":"MC","Selector":"SAVR","Configuration":{"QuestionDescriptionOption":"UseText"},"QuestionDescription":"In this study, what will happen on the next pages?","ChoiceOrder":["1","2","3","4"],"Validation":{"Settings":{"ForceResponse":"ON","ForceResponseType":"ON","Type":"None"}},"GradingData":[],"Language":[],"NextChoiceId":5,"NextAnswerId":1,"QuestionID":"QID5","DataVisibility":{"Private":false,"Hidden":false},"SubSelector":"TX","Choices":{"1":{"Display":"I will answer a series of multiple-choice questions about politics."},"2":{"Display":"I will have a conversation with an AI chatbot about a topic selected earlier, then answer follow-up questions."},"3":{"Display":"I will watch a short video and write a summary."},"4":{"Display":"I will read a news article and answer questions about it."}}}},{"SurveyID":"SV_6YFUFAmg2iJR9Qy","Element":"SQ","PrimaryAttribute":"QID6","SecondaryAttribute":"Please explain: What is your opinion about the yearly switch to daylight saving time? Do you like or","TertiaryAttribute":null,"Payload":{"QuestionText":"Please explain: What is your opinion about the yearly switch to daylight saving time? Do you like or dislike it? Please use about 15-30 words.","DefaultChoices":false,"DataExportTag":"typing_speed_check","QuestionType":"TE","Selector":"ESTB","Configuration":{"QuestionDescriptionOption":"UseText"},"QuestionDescription":"Please explain: What is your opinion about the yearly switch to daylight saving time? Do you like or","ChoiceOrder":[],"Validation":{"Settings":{"ForceResponse":"ON","ForceResponseType":"ON","Type":"None"}},"GradingData":[],"Language":[],"NextChoiceId":4,"NextAnswerId":1,"QuestionID":"QID6","DataVisibility":{"Private":false,"Hidden":false},"SearchSource":{"AllowFreeResponse":"false"}}},{"SurveyID":"SV_6YFUFAmg2iJR9Qy","Element":"SQ","PrimaryAttribute":"QID7","SecondaryAttribute":"The next question is about the following problem. In questionnaires like ours, sometimes there are p","TertiaryAttribute":null,"Payload":{"QuestionText":"The next question is about the following problem. In questionnaires like ours, sometimes there are participants who do not carefully read the questions and just quickly click through the survey. This compromises the results of research studies. To show that you are reading the survey carefully, please choose both “Very strongly interested” and “Not at all interested” as your answer to the below question.\n\nGiven the above, how interested are you in politics?","DefaultChoices":false,"DataExportTag":"attention_check","QuestionType":"MC","Selector":"MAVR","Configuration":{"QuestionDescriptionOption":"UseText"},"QuestionDescription":"The next question is about the following problem. In questionnaires like ours, sometimes there are p","ChoiceOrder":["1","2","3","4","5"],"Validation":{"Settings":{"ForceResponse":"ON","ForceResponseType":"ON","Type":"None"}},"GradingData":[],"Language":[],"NextChoiceId":6,"NextAnswerId":1,"QuestionID":"QID7","DataVisibility":{"Private":false,"Hidden":false},"SubSelector":"TX","Choices":{"1":{"Display":"Very strongly interested"},"2":{"Display":"Very interested"},"3":{"Display":"A little bit interested"},"4":{"Display":"Not very interested"},"5":{"Display":"Not at all interested"}}}},{"SurveyID":"SV_6YFUFAmg2iJR9Qy","Element":"SQ","PrimaryAttribute":"QID8","SecondaryAttribute":"What is your age?","TertiaryAttribute":null,"Payload":{"QuestionText":"What is your age?","DefaultChoices":false,"DataExportTag":"age","QuestionType":"TE","Selector":"SL","Configuration":{"QuestionDescriptionOption":"UseText"},"QuestionDescription":"What is your age?","ChoiceOrder":[],"Validation":{"Settings":{"ForceResponse":"ON","ForceResponseType":"ON","Type":"None"}},"GradingData":[],"Language":[],"NextChoiceId":4,"NextAnswerId":1,"QuestionID":"QID8","DataVisibility":{"Private":false,"Hidden":false},"SearchSource":{"AllowFreeResponse":"false"}}},{"SurveyID":"SV_6YFUFAmg2iJR9Qy","Element":"SQ","PrimaryAttribute":"QID9","SecondaryAttribute":"Which of the following best describes your gender?","TertiaryAttribute":null,"Payload":{"QuestionText":"Which of the following best describes your gender?","DefaultChoices":false,"DataExportTag":"gender","QuestionType":"MC","Selector":"SAVR","Configuration":{"QuestionDescriptionOption":"UseText"},"QuestionDescription":"Which of the following best describes your gender?","ChoiceOrder":["1","2","3","4","5"],"Validation":{"Settings":{"ForceResponse":"ON","ForceResponseType":"ON","Type":"None"}},"GradingData":[],"Language":[],"NextChoiceId":6,"NextAnswerId":1,"QuestionID":"QID9","DataVisibility":{"Private":false,"Hidden":false},"SubSelector":"TX","Choices":{"1":{"Display":"Male"},"2":{"Display":"Female"},"3":{"Display":"Non-binary"},"4":{"Display":"Prefer to self-describe","TextEntry":"true"},"5":{"Display":"Prefer not to say"}}}},{"SurveyID":"SV_6YFUFAmg2iJR9Qy","Element":"SQ","PrimaryAttribute":"QID10","SecondaryAttribute":"What is your race or ethnicity?","TertiaryAttribute":null,"Payload":{"QuestionText":"What is your race or ethnicity?","DefaultChoices":false,"DataExportTag":"race_ethnicity","QuestionType":"MC","Selector":"MAVR","Configuration":{"QuestionDescriptionOption":"UseText"},"QuestionDescription":"What is your race or ethnicity?","ChoiceOrder":["1","2","3","4","5","6","7","8","9"],"Validation":{"Settings":{"ForceResponse":"ON","ForceResponseType":"ON","Type":"None"}},"GradingData":[],"Language":[],"NextChoiceId":10,"NextAnswerId":1,"QuestionID":"QID10","DataVisibility":{"Private":false,"Hidden":false},"SubSelector":"TX","Choices":{"1":{"Display":"White"},"2":{"Display":"Black or African American"},"3":{"Display":"Hispanic, Latino, or Spanish origin"},"4":{"Display":"Asian or Asian American"},"5":{"Display":"Middle Eastern or North African"},"6":{"Display":"American Indian or Alaska Native"},"7":{"Display":"Native Hawaiian or Other Pacific Islander"},"8":{"Display":"Some other race or ethnicity"},"9":{"Display":"Prefer not to say"}}}},{"SurveyID":"SV_6YFUFAmg2iJR9Qy","Element":"SQ","PrimaryAttribute":"QID11","SecondaryAttribute":"Which category best describes your highest level of education?","TertiaryAttribute":null,"Payload":{"QuestionText":"Which category best describes your highest level of education?","DefaultChoices":false,"DataExportTag":"education","QuestionType":"MC","Selector":"SAVR","Configuration":{"QuestionDescriptionOption":"UseText"},"QuestionDescription":"Which category best describes your highest level of education?","ChoiceOrder":["1","2","3","4","5","6","7","8"],"Validation":{"Settings":{"ForceResponse":"ON","ForceResponseType":"ON","Type":"None"}},"GradingData":[],"Language":[],"NextChoiceId":9,"NextAnswerId":1,"QuestionID":"QID11","DataVisibility":{"Private":false,"Hidden":false},"SubSelector":"TX","Choices":{"1":{"Display":"Less than a high school degree"},"2":{"Display":"High school graduate (high school diploma or equivalent including GED)"},"3":{"Display":"Some college but no degree"},"4":{"Display":"Associate degree in college (2-year)"},"5":{"Display":"Bachelor’s degree in college (4-year)"},"6":{"Display":"Master's degree"},"7":{"Display":"Doctoral degree"},"8":{"Display":"Professional degree (JD, MD, MBA)"}}}},{"SurveyID":"SV_6YFUFAmg2iJR9Qy","Element":"SQ","PrimaryAttribute":"QID12","SecondaryAttribute":"In politics, as of today, do you consider yourself a Republican, a Democrat, or an independent?","TertiaryAttribute":null,"Payload":{"QuestionText":"In politics, as of today, do you consider yourself a Republican, a Democrat, or an independent?","DefaultChoices":false,"DataExportTag":"party_id","QuestionType":"MC","Selector":"SAVR","Configuration":{"QuestionDescriptionOption":"UseText"},"QuestionDescription":"In politics, as of today, do you consider yourself a Republican, a Democrat, or an independent?","ChoiceOrder":["1","2","3","4","5"],"Validation":{"Settings":{"ForceResponse":"ON","ForceResponseType":"ON","Type":"None"}},"GradingData":[],"Language":[],"NextChoiceId":6,"NextAnswerId":1,"QuestionID":"QID12","DataVisibility":{"Private":false,"Hidden":false},"SubSelector":"TX","Choices":{"1":{"Display":"Republican"},"2":{"Display":"Democrat"},"3":{"Display":"Independent"},"4":{"Display":"Other"},"5":{"Display":"Prefer not to say"}}}},{"SurveyID":"SV_6YFUFAmg2iJR9Qy","Element":"SQ","PrimaryAttribute":"QID13","SecondaryAttribute":"Which of the following best describes your relationship to the Republican Party?","TertiaryAttribute":null,"Payload":{"QuestionText":"Which of the following best describes your relationship to the Republican Party?","DefaultChoices":false,"DataExportTag":"republican_relationship","QuestionType":"MC","Selector":"SAVR","Configuration":{"QuestionDescriptionOption":"UseText"},"QuestionDescription":"Which of the following best describes your relationship to the Republican Party?","ChoiceOrder":["1","2","3"],"Validation":{"Settings":{"ForceResponse":"ON","ForceResponseType":"ON","Type":"None"}},"GradingData":[],"Language":[],"NextChoiceId":4,"NextAnswerId":1,"QuestionID":"QID13","DataVisibility":{"Private":false,"Hidden":false},"SubSelector":"TX","Choices":{"1":{"Display":"I consider myself a \"MAGA\" Republican"},"2":{"Display":"I consider myself a Republican, but not \"MAGA\""},"3":{"Display":"Prefer not to say"}},"DisplayLogic":{"0":{"0":{"ChoiceLocator":"q://QID12/SelectableChoice/1","Description":"If party ID is Republican","LeftOperand":"q://QID12/SelectableChoice/1","LogicType":"Question","Operator":"Selected","QuestionID":"QID12","QuestionIDFromLocator":"QID12","QuestionIsInLoop":"no","Type":"Expression"},"Type":"If"},"Type":"BooleanExpression","inPage":false}}},{"SurveyID":"SV_6YFUFAmg2iJR9Qy","Element":"SQ","PrimaryAttribute":"QID14","SecondaryAttribute":"Which of the following best describes your political views?","TertiaryAttribute":null,"Payload":{"QuestionText":"Which of the following best describes your political views?","DefaultChoices":false,"DataExportTag":"political_views","QuestionType":"MC","Selector":"SAVR","Configuration":{"QuestionDescriptionOption":"UseText"},"QuestionDescription":"Which of the following best describes your political views?","ChoiceOrder":["1","2","3","4","5","6","7"],"Validation":{"Settings":{"ForceResponse":"ON","ForceResponseType":"ON","Type":"None"}},"GradingData":[],"Language":[],"NextChoiceId":8,"NextAnswerId":1,"QuestionID":"QID14","DataVisibility":{"Private":false,"Hidden":false},"Choices":{"1":{"Display":"Very liberal"},"2":{"Display":"Liberal"},"3":{"Display":"Slightly liberal"},"4":{"Display":"Moderate; middle of the road"},"5":{"Display":"Slightly conservative"},"6":{"Display":"Conservative"},"7":{"Display":"Very conservative"}},"SubSelector":"TX"}},{"SurveyID":"SV_6YFUFAmg2iJR9Qy","Element":"SQ","PrimaryAttribute":"QID15","SecondaryAttribute":"How often do you personally use generative AI tools or assistants like {{AI_TOOL_NAME}} in your dail","TertiaryAttribute":null,"Payload":{"QuestionText":"How often do you personally use generative AI tools or assistants like {{AI_TOOL_NAME}} in your daily life or work?","DefaultChoices":false,"DataExportTag":"ai_usage","QuestionType":"MC","Selector":"SAVR","Configuration":{"QuestionDescriptionOption":"UseText"},"QuestionDescription":"How often do you personally use generative AI tools or assistants like {{AI_TOOL_NAME}} in your dail","ChoiceOrder":["1","2","3","4","5"],"Validation":{"Settings":{"ForceResponse":"ON","ForceResponseType":"ON","Type":"None"}},"GradingData":[],"Language":[],"NextChoiceId":6,"NextAnswerId":1,"QuestionID":"QID15","DataVisibility":{"Private":false,"Hidden":false},"SubSelector":"TX","Choices":{"1":{"Display":"Never"},"2":{"Display":"Rarely (a few times a month or less)"},"3":{"Display":"Regularly (about once a week)"},"4":{"Display":"Frequently (multiple times a week)"},"5":{"Display":"Daily or multiple times every day"}}}},{"SurveyID":"SV_6YFUFAmg2iJR9Qy","Element":"SQ","PrimaryAttribute":"QID16","SecondaryAttribute":"How much do you trust generative AI to provide neutral, unbiased information?","TertiaryAttribute":null,"Payload":{"QuestionText":"How much do you trust generative AI to provide neutral, unbiased information?","DefaultChoices":false,"DataExportTag":"ai_trust","QuestionType":"MC","Selector":"SAVR","Configuration":{"QuestionDescriptionOption":"UseText"},"QuestionDescription":"How much do you trust generative AI to provide neutral, unbiased information?","ChoiceOrder":["1","2","3","4","5"],"Validation":{"Settings":{"ForceResponse":"ON","ForceResponseType":"ON","Type":"None"}},"GradingData":[],"Language":[],"NextChoiceId":6,"NextAnswerId":1,"QuestionID":"QID16","DataVisibility":{"Private":false,"Hidden":false},"Choices":{"1":{"Display":"Do not trust it at all"},"2":{"Display":"Trust it very little"},"3":{"Display":"Trust it somewhat"},"4":{"Display":"Trust it a lot"},"5":{"Display":"Trust it completely"}},"SubSelector":"TX"}},{"SurveyID":"SV_6YFUFAmg2iJR9Qy","Element":"SQ","PrimaryAttribute":"QID17","SecondaryAttribute":"Which of the following activities are you most interested in right now?","TertiaryAttribute":null,"Payload":{"QuestionText":"Which of the following activities are you most interested in right now?","DefaultChoices":false,"DataExportTag":"activity_topic_choice","QuestionType":"MC","Selector":"SAVR","Configuration":{"QuestionDescriptionOption":"UseText"},"QuestionDescription":"Which of the following activities are you most interested in right now?","ChoiceOrder":["1","2","3","4","5","6","7","8","9","10","11","12"],"Validation":{"Settings":{"ForceResponse":"ON","ForceResponseType":"ON","Type":"None"}},"GradingData":[],"Language":[],"NextChoiceId":13,"NextAnswerId":1,"QuestionID":"QID17","DataVisibility":{"Private":false,"Hidden":false},"SubSelector":"TX","Choices":{"1":{"Display":"Cooking or baking"},"2":{"Display":"Reading"},"3":{"Display":"Exercise or sports"},"4":{"Display":"Music (listening or playing)"},"5":{"Display":"Gardening or being outdoors"},"6":{"Display":"Crafts or making things (art, woodworking, sewing, etc.)"},"7":{"Display":"Video games"},"8":{"Display":"Watching movies or TV shows"},"9":{"Display":"Spending time with family or friends"},"10":{"Display":"Travel"},"11":{"Display":"Learning something new (a language, a skill, a subject)"},"12":{"Display":"Other","TextEntry":"true"}}}},{"SurveyID":"SV_6YFUFAmg2iJR9Qy","Element":"SQ","PrimaryAttribute":"QID18","SecondaryAttribute":"In one or two sentences, what do you enjoy about it?","TertiaryAttribute":null,"Payload":{"QuestionText":"In one or two sentences, what do you enjoy about it?","DefaultChoices":false,"DataExportTag":"activity_enjoy_text","QuestionType":"TE","Selector":"ESTB","Configuration":{"QuestionDescriptionOption":"UseText"},"QuestionDescription":"In one or two sentences, what do you enjoy about it?","ChoiceOrder":[],"Validation":{"Settings":{"ForceResponse":"ON","ForceResponseType":"ON","Type":"None"}},"GradingData":[],"Language":[],"NextChoiceId":4,"NextAnswerId":1,"QuestionID":"QID18","DataVisibility":{"Private":false,"Hidden":false},"SearchSource":{"AllowFreeResponse":"false"}}},{"SurveyID":"SV_6YFUFAmg2iJR9Qy","Element":"SQ","PrimaryAttribute":"QID19","SecondaryAttribute":"How much do you enjoy it?","TertiaryAttribute":null,"Payload":{"QuestionText":"How much do you enjoy it?","DefaultChoices":false,"DataExportTag":"activity_strength_0_100","QuestionType":"Slider","Selector":"HSLIDER","Configuration":{"QuestionDescriptionOption":"UseText","CSSliderMin":0,"CSSliderMax":100,"GridLines":10,"SnapToGrid":false,"NumDecimals":"0","ShowValue":true,"CustomStart":true,"SliderStartPositions":{"1":0.5},"NotApplicable":false,"MobileFirst":true},"QuestionDescription":"How much do you enjoy it?","ChoiceOrder":[1],"Validation":{"Settings":{"ForceResponse":"ON","ForceResponseType":"ON","Type":"None"}},"GradingData":[],"Language":[],"NextChoiceId":2,"NextAnswerId":3,"QuestionID":"QID19","DataVisibility":{"Private":false,"Hidden":false},"Choices":{"1":{"Display":"&nbsp;"}},"Labels":{"1":{"Display":"Not at all"},"2":{"Display":"Extremely"}}}},{"SurveyID":"SV_6YFUFAmg2iJR9Qy","Element":"SQ","PrimaryAttribute":"QID20","SecondaryAttribute":"Which of the following policy issues are you most interested in right now?","TertiaryAttribute":null,"Payload":{"QuestionText":"Which of the following policy issues are you most interested in right now?","DefaultChoices":false,"DataExportTag":"political_topic_choice","QuestionType":"MC","Selector":"SAVR","Configuration":{"QuestionDescriptionOption":"UseText"},"QuestionDescription":"Which of the following policy issues are you most interested in right now?","ChoiceOrder":["1","2","3","4","5","6","7","8","9","10","11","12"],"Validation":{"Settings":{"ForceResponse":"ON","ForceResponseType":"ON","Type":"None"}},"GradingData":[],"Language":[],"NextChoiceId":13,"NextAnswerId":1,"QuestionID":"QID20","DataVisibility":{"Private":false,"Hidden":false},"SubSelector":"TX","Choices":{"1":{"Display":"Economic policy and inflation"},"2":{"Display":"Immigration and border policy"},"3":{"Display":"Taxes, government spending, and the deficit"},"4":{"Display":"Climate change and energy policy"},"5":{"Display":"Abortion and reproductive rights"},"6":{"Display":"Gun policy"},"7":{"Display":"Healthcare access and costs"},"8":{"Display":"Racial inequality and policing"},"9":{"Display":"LGBTQ+ rights"},"10":{"Display":"Voting rules and election integrity"},"11":{"Display":"U.S. foreign policy and military involvement abroad"},"12":{"Display":"Other","TextEntry":"true"}}}},{"SurveyID":"SV_6YFUFAmg2iJR9Qy","Element":"SQ","PrimaryAttribute":"QID21","SecondaryAttribute":"In one or two sentences, what is your view on this issue?","TertiaryAttribute":null,"Payload":{"QuestionText":"In one or two sentences, what is your view on this issue?","DefaultChoices":false,"DataExportTag":"political_stance_text","QuestionType":"TE","Selector":"ESTB","Configuration":{"QuestionDescriptionOption":"UseText"},"QuestionDescription":"In one or two sentences, what is your view on this issue?","ChoiceOrder":[],"Validation":{"Settings":{"ForceResponse":"ON","ForceResponseType":"ON","Type":"None"}},"GradingData":[],"Language":[],"NextChoiceId":4,"NextAnswerId":1,"QuestionID":"QID21","DataVisibility":{"Private":false,"Hidden":false},"SearchSource":{"AllowFreeResponse":"false"}}},{"SurveyID":"SV_6YFUFAmg2iJR9Qy","Element":"SQ","PrimaryAttribute":"QID22","SecondaryAttribute":"How strongly do you hold this view?","TertiaryAttribute":null,"Payload":{"QuestionText":"How strongly do you hold this view?","DefaultChoices":false,"DataExportTag":"political_strength_0_100","QuestionType":"Slider","Selector":"HSLIDER","Configuration":{"QuestionDescriptionOption":"UseText","CSSliderMin":0,"CSSliderMax":100,"GridLines":10,"SnapToGrid":false,"NumDecimals":"0","ShowValue":true,"CustomStart":true,"SliderStartPositions":{"1":0.5},"NotApplicable":false,"MobileFirst":true},"QuestionDescription":"How strongly do you hold this view?","ChoiceOrder":[1],"Validation":{"Settings":{"ForceResponse":"ON","ForceResponseType":"ON","Type":"None"}},"GradingData":[],"Language":[],"NextChoiceId":2,"NextAnswerId":3,"QuestionID":"QID22","DataVisibility":{"Private":false,"Hidden":false},"Choices":{"1":{"Display":"&nbsp;"}},"Labels":{"1":{"Display":"Not strongly"},"2":{"Display":"Extremely strongly"}}}},{"SurveyID":"SV_6YFUFAmg2iJR9Qy","Element":"SQ","PrimaryAttribute":"QID23","SecondaryAttribute":"Pre-chat routing placeholder","TertiaryAttribute":null,"Payload":{"QuestionText":"<div style=\"display:none\" aria-hidden=\"true\" data-reflective-routing-placeholder=\"true\">Preparing study assignment...</div>","DefaultChoices":false,"DataExportTag":"prechat_routing","QuestionType":"DB","Selector":"TB","Configuration":{"QuestionDescriptionOption":"UseText"},"QuestionDescription":"Pre-chat routing placeholder","ChoiceOrder":[],"Validation":{"Settings":{"Type":"None"}},"GradingData":[],"Language":[],"NextChoiceId":4,"NextAnswerId":1,"QuestionID":"QID23","DataVisibility":{"Private":false,"Hidden":false}}},{"SurveyID":"SV_6YFUFAmg2iJR9Qy","Element":"SQ","PrimaryAttribute":"QID24","SecondaryAttribute":"A short conversation with an AI chatbot","TertiaryAttribute":null,"Payload":{"QuestionText":"<h2>A short conversation with an AI chatbot</h2><p>Next, you will have a short chat with an AI conversation partner.</p><p><strong>Your topic for this conversation:</strong> ${e://Field/topic}</p><p>This is a chance to think out loud about something you care about. The chatbot will ask you questions and respond to what you share. It is not there to test you, fact-check you, or push you toward any particular conclusion. Its role is to listen and help keep the conversation going.</p><p>There are no right or wrong answers, so please answer honestly. The conversation will last about 10 minutes. When it reaches a natural ending, you will move on to the next part of the survey.</p><p><strong>Chatbot placeholder.</strong> After import, add the chatbot JavaScript from the project integration notes to this Text/Graphic question. The backend host placeholder is {{BACKEND_HOST}}.</p>","DefaultChoices":false,"DataExportTag":"chatbot","QuestionType":"DB","Selector":"TB","Configuration":{"QuestionDescriptionOption":"UseText"},"QuestionDescription":"A short conversation with an AI chatbot","ChoiceOrder":[],"Validation":{"Settings":{"Type":"None"}},"GradingData":[],"Language":[],"NextChoiceId":4,"NextAnswerId":1,"QuestionID":"QID24","DataVisibility":{"Private":false,"Hidden":false}}},{"SurveyID":"SV_6YFUFAmg2iJR9Qy","Element":"SQ","PrimaryAttribute":"QID25","SecondaryAttribute":"How certain are you that your position about ${e://Field/political_topic} is 'correct'?","TertiaryAttribute":null,"Payload":{"QuestionText":"How certain are you that your position about ${e://Field/political_topic} is 'correct'?","DefaultChoices":false,"DataExportTag":"post_certainty_0_100","QuestionType":"Slider","Selector":"HSLIDER","Configuration":{"QuestionDescriptionOption":"UseText","CSSliderMin":0,"CSSliderMax":100,"GridLines":10,"SnapToGrid":false,"NumDecimals":"0","ShowValue":true,"CustomStart":true,"SliderStartPositions":{"1":0.5},"NotApplicable":false,"MobileFirst":true},"QuestionDescription":"How certain are you that your position about ${e://Field/political_topic} is 'correct'?","ChoiceOrder":[1],"Validation":{"Settings":{"ForceResponse":"ON","ForceResponseType":"ON","Type":"None"}},"GradingData":[],"Language":[],"NextChoiceId":2,"NextAnswerId":3,"QuestionID":"QID25","DataVisibility":{"Private":false,"Hidden":false},"Choices":{"1":{"Display":"&nbsp;"}},"Labels":{"1":{"Display":"Not at all certain"},"2":{"Display":"Completely certain"}}}},{"SurveyID":"SV_6YFUFAmg2iJR9Qy","Element":"SQ","PrimaryAttribute":"QID26","SecondaryAttribute":"How willing are you to seriously consider the opposing view on ${e://Field/political_topic}?","TertiaryAttribute":null,"Payload":{"QuestionText":"How willing are you to seriously consider the opposing view on ${e://Field/political_topic}?","DefaultChoices":false,"DataExportTag":"post_openness_opposing_view_1_7","QuestionType":"MC","Selector":"SAVR","Configuration":{"QuestionDescriptionOption":"UseText"},"QuestionDescription":"How willing are you to seriously consider the opposing view on ${e://Field/political_topic}?","ChoiceOrder":["1","2","3","4","5","6","7"],"Validation":{"Settings":{"ForceResponse":"ON","ForceResponseType":"ON","Type":"None"}},"GradingData":[],"Language":[],"NextChoiceId":8,"NextAnswerId":1,"QuestionID":"QID26","DataVisibility":{"Private":false,"Hidden":false},"SubSelector":"TX","Choices":{"1":{"Display":"Not at all willing"},"2":{"Display":"2"},"3":{"Display":"3"},"4":{"Display":"4"},"5":{"Display":"5"},"6":{"Display":"6"},"7":{"Display":"Extremely willing"}}}},{"SurveyID":"SV_6YFUFAmg2iJR9Qy","Element":"SQ","PrimaryAttribute":"QID27","SecondaryAttribute":"How well do you understand why people on the opposing side of ${e://Field/political_topic} hold thei","TertiaryAttribute":null,"Payload":{"QuestionText":"How well do you understand why people on the opposing side of ${e://Field/political_topic} hold their view?","DefaultChoices":false,"DataExportTag":"post_perspective_taking_1_7","QuestionType":"MC","Selector":"SAVR","Configuration":{"QuestionDescriptionOption":"UseText"},"QuestionDescription":"How well do you understand why people on the opposing side of ${e://Field/political_topic} hold thei","ChoiceOrder":["1","2","3","4","5","6","7"],"Validation":{"Settings":{"ForceResponse":"ON","ForceResponseType":"ON","Type":"None"}},"GradingData":[],"Language":[],"NextChoiceId":8,"NextAnswerId":1,"QuestionID":"QID27","DataVisibility":{"Private":false,"Hidden":false},"SubSelector":"TX","Choices":{"1":{"Display":"Not at all"},"2":{"Display":"2"},"3":{"Display":"3"},"4":{"Display":"4"},"5":{"Display":"5"},"6":{"Display":"6"},"7":{"Display":"Completely"}}}},{"SurveyID":"SV_6YFUFAmg2iJR9Qy","Element":"SQ","PrimaryAttribute":"QID28","SecondaryAttribute":"In your daily life, how much of the information you encounter about ${e://Field/political_topic} ref","TertiaryAttribute":null,"Payload":{"QuestionText":"In your daily life, how much of the information you encounter about ${e://Field/political_topic} reflects your own point of view?","DefaultChoices":false,"DataExportTag":"post_selective_information_exposure_0_100","QuestionType":"Slider","Selector":"HSLIDER","Configuration":{"QuestionDescriptionOption":"UseText","CSSliderMin":0,"CSSliderMax":100,"GridLines":10,"SnapToGrid":false,"NumDecimals":"0","ShowValue":true,"CustomStart":true,"SliderStartPositions":{"1":0.5},"NotApplicable":false,"MobileFirst":true},"QuestionDescription":"In your daily life, how much of the information you encounter about ${e://Field/political_topic} ref","ChoiceOrder":[1],"Validation":{"Settings":{"ForceResponse":"ON","ForceResponseType":"ON","Type":"None"}},"GradingData":[],"Language":[],"NextChoiceId":2,"NextAnswerId":3,"QuestionID":"QID28","DataVisibility":{"Private":false,"Hidden":false},"Choices":{"1":{"Display":"&nbsp;"}},"Labels":{"1":{"Display":"None of the information"},"2":{"Display":"All of the information"}}}},{"SurveyID":"SV_6YFUFAmg2iJR9Qy","Element":"SQ","PrimaryAttribute":"QID29","SecondaryAttribute":"We would like to know how you feel toward people who disagree with you on ${e://Field/political_topi","TertiaryAttribute":null,"Payload":{"QuestionText":"We would like to know how you feel toward people who disagree with you on ${e://Field/political_topic} using a 0 to 100 feeling thermometer. How warm or cold do you feel toward people who hold the opposing view on ${e://Field/political_topic}?","DefaultChoices":false,"DataExportTag":"post_affective_hostility_0_100","QuestionType":"Slider","Selector":"HSLIDER","Configuration":{"QuestionDescriptionOption":"UseText","CSSliderMin":0,"CSSliderMax":100,"GridLines":10,"SnapToGrid":false,"NumDecimals":"0","ShowValue":true,"CustomStart":true,"SliderStartPositions":{"1":0.5},"NotApplicable":false,"MobileFirst":true},"QuestionDescription":"We would like to know how you feel toward people who disagree with you on ${e://Field/political_topi","ChoiceOrder":[1],"Validation":{"Settings":{"ForceResponse":"ON","ForceResponseType":"ON","Type":"None"}},"GradingData":[],"Language":[],"NextChoiceId":2,"NextAnswerId":3,"QuestionID":"QID29","DataVisibility":{"Private":false,"Hidden":false},"Choices":{"1":{"Display":"&nbsp;"}},"Labels":{"1":{"Display":"Extremely cold / Unfavorable"},"2":{"Display":"Extremely warm / Favorable"}}}},{"SurveyID":"SV_6YFUFAmg2iJR9Qy","Element":"SQ","PrimaryAttribute":"QID30","SecondaryAttribute":"Imagine 100 people who hold the opposing view on ${e://Field/political_topic}. In your opinion, how ","TertiaryAttribute":null,"Payload":{"QuestionText":"Imagine 100 people who hold the opposing view on ${e://Field/political_topic}. In your opinion, how many of these 100 people hold that view for each of the following reasons? Your total must equal 100.","DefaultChoices":false,"DataExportTag":"motive_attribution_100","QuestionType":"TE","Selector":"FORM","Configuration":{"QuestionDescriptionOption":"UseText"},"QuestionDescription":"Imagine 100 people who hold the opposing view on ${e://Field/political_topic}. In your opinion, how ","ChoiceOrder":["1","2","3","4","5","6"],"Validation":{"Settings":{"ForceResponse":"ON","ForceResponseType":"ON","Type":"None"}},"GradingData":[],"Language":[],"NextChoiceId":7,"NextAnswerId":1,"QuestionID":"QID30","DataVisibility":{"Private":false,"Hidden":false},"SearchSource":{"AllowFreeResponse":"false"},"Choices":{"1":{"Display":"They are exposed to true but different information through their news sources, social media, and the people around them."},"2":{"Display":"They have been deceived about the facts by misleading sources."},"3":{"Display":"They have different moral beliefs about this issue."},"4":{"Display":"They have had different life experiences that shape how they see the issue."},"5":{"Display":"They are putting their personal interests ahead of what is best for the country."},"6":{"Display":"They haven't thought deeply or carefully enough about the issue."}}}},{"SurveyID":"SV_6YFUFAmg2iJR9Qy","Element":"SQ","PrimaryAttribute":"QID31","SecondaryAttribute":"Bystander allocation game","TertiaryAttribute":null,"Payload":{"QuestionText":"<p>Earlier in this survey, you told us about your political views.</p><p>In this part, you will make a real decision that affects the payment of two other participants.</p><p>You have $4.00 to allocate between two other participants in this study. One of them is a Democrat, and the other is a Republican. You will not allocate any money to yourself.</p><p>You must allocate the full $4.00 between the two participants. The minimum you can give to each is $0.50. Amounts are in $0.50 increments.</p><p><strong>How payment works.</strong> At the end of the study, we will randomly select 1 in every 10 participants. If you are selected, your decision on this page will be implemented: the two participants you allocated to will each receive the amount you chose, added to their study payment. Whether you are selected is decided by chance and does not depend on what you choose here. You yourself will not receive money from this decision; the money goes to the two other participants.</p><p><strong>Allocation widget placeholder.</strong> After import, add the allocation JavaScript from the project snippets to this Text/Graphic question.</p>","DefaultChoices":false,"DataExportTag":"bystander_allocation","QuestionType":"DB","Selector":"TB","Configuration":{"QuestionDescriptionOption":"UseText"},"QuestionDescription":"Bystander allocation game","ChoiceOrder":[],"Validation":{"Settings":{"Type":"None"}},"GradingData":[],"Language":[],"NextChoiceId":4,"NextAnswerId":1,"QuestionID":"QID31","DataVisibility":{"Private":false,"Hidden":false}}},{"SurveyID":"SV_6YFUFAmg2iJR9Qy","Element":"SQ","PrimaryAttribute":"QID32","SecondaryAttribute":"{{PAYMENT_RECEIPT_HTML}} {{PROLIFIC_COMPLETION_CODE}}","TertiaryAttribute":null,"Payload":{"QuestionText":"<p>{{PAYMENT_RECEIPT_HTML}}</p><p>{{PROLIFIC_COMPLETION_CODE}}</p>","DefaultChoices":false,"DataExportTag":"exit","QuestionType":"DB","Selector":"TB","Configuration":{"QuestionDescriptionOption":"UseText"},"QuestionDescription":"{{PAYMENT_RECEIPT_HTML}} {{PROLIFIC_COMPLETION_CODE}}","ChoiceOrder":[],"Validation":{"Settings":{"Type":"None"}},"GradingData":[],"Language":[],"NextChoiceId":4,"NextAnswerId":1,"QuestionID":"QID32","DataVisibility":{"Private":false,"Hidden":false}}},{"SurveyID":"SV_6YFUFAmg2iJR9Qy","Element":"SQ","PrimaryAttribute":"QID33","SecondaryAttribute":"Which of the following best describes your current employment status?","TertiaryAttribute":null,"Payload":{"QuestionText":"Which of the following best describes your current employment status?","DefaultChoices":false,"DataExportTag":"employment_status","QuestionType":"MC","Selector":"SAVR","Configuration":{"QuestionDescriptionOption":"UseText"},"QuestionDescription":"Which of the following best describes your current employment status?","ChoiceOrder":["1","2","3","4","5","6","7","8","9"],"Validation":{"Settings":{"ForceResponse":"ON","ForceResponseType":"ON","Type":"None"}},"GradingData":[],"Language":[],"NextChoiceId":10,"NextAnswerId":1,"QuestionID":"QID33","DataVisibility":{"Private":false,"Hidden":false},"SubSelector":"TX","Choices":{"1":{"Display":"Full-time employee"},"2":{"Display":"Part-time employee"},"3":{"Display":"Self-employed or small business owner"},"4":{"Display":"Unemployed and looking for work"},"5":{"Display":"Unemployed and not looking for work"},"6":{"Display":"Student"},"7":{"Display":"Not working and retired"},"8":{"Display":"Not working and a homemaker or full-time parent"},"9":{"Display":"Disabled and unable to work"}}}},{"SurveyID":"SV_6YFUFAmg2iJR9Qy","Element":"SQ","PrimaryAttribute":"QID34","SecondaryAttribute":"What was your TOTAL household income, before taxes, last year?","TertiaryAttribute":null,"Payload":{"QuestionText":"What was your TOTAL household income, before taxes, last year?","DefaultChoices":false,"DataExportTag":"household_income","QuestionType":"MC","Selector":"SAVR","Configuration":{"QuestionDescriptionOption":"UseText"},"QuestionDescription":"What was your TOTAL household income, before taxes, last year?","ChoiceOrder":["1","2","3","4","5","6","7","8","9","10"],"Validation":{"Settings":{"ForceResponse":"ON","ForceResponseType":"ON","Type":"None"}},"GradingData":[],"Language":[],"NextChoiceId":11,"NextAnswerId":1,"QuestionID":"QID34","DataVisibility":{"Private":false,"Hidden":false},"SubSelector":"TX","Choices":{"1":{"Display":"$0 – $14,999"},"2":{"Display":"$15,000 – $24,999"},"3":{"Display":"$25,000 – $39,999"},"4":{"Display":"$40,000 – $54,999"},"5":{"Display":"$55,000 – $74,999"},"6":{"Display":"$75,000 – $99,999"},"7":{"Display":"$100,000 – $149,999"},"8":{"Display":"$150,000 – $199,999"},"9":{"Display":"$200,000 or more"},"10":{"Display":"Prefer not to say"}}}},{"SurveyID":"SV_6YFUFAmg2iJR9Qy","Element":"SQ","PrimaryAttribute":"QID35","SecondaryAttribute":"Which of the following best describes the area where you live?","TertiaryAttribute":null,"Payload":{"QuestionText":"Which of the following best describes the area where you live?","DefaultChoices":false,"DataExportTag":"area_type","QuestionType":"MC","Selector":"SAVR","Configuration":{"QuestionDescriptionOption":"UseText"},"QuestionDescription":"Which of the following best describes the area where you live?","ChoiceOrder":["1","2","3","4"],"Validation":{"Settings":{"ForceResponse":"ON","ForceResponseType":"ON","Type":"None"}},"GradingData":[],"Language":[],"NextChoiceId":5,"NextAnswerId":1,"QuestionID":"QID35","DataVisibility":{"Private":false,"Hidden":false},"SubSelector":"TX","Choices":{"1":{"Display":"City"},"2":{"Display":"Suburb"},"3":{"Display":"Small town"},"4":{"Display":"Rural area"}}}},{"SurveyID":"SV_6YFUFAmg2iJR9Qy","Element":"SQ","PrimaryAttribute":"QID36","SecondaryAttribute":"What is your present religion, if any?","TertiaryAttribute":null,"Payload":{"QuestionText":"What is your present religion, if any?","DefaultChoices":false,"DataExportTag":"religion","QuestionType":"MC","Selector":"SAVR","Configuration":{"QuestionDescriptionOption":"UseText"},"QuestionDescription":"What is your present religion, if any?","ChoiceOrder":["1","2","3","4","5","6","7","8","9","10","11","12"],"Validation":{"Settings":{"ForceResponse":"ON","ForceResponseType":"ON","Type":"None"}},"GradingData":[],"Language":[],"NextChoiceId":13,"NextAnswerId":1,"QuestionID":"QID36","DataVisibility":{"Private":false,"Hidden":false},"SubSelector":"TX","Choices":{"1":{"Display":"Protestant"},"2":{"Display":"Roman Catholic"},"3":{"Display":"Mormon"},"4":{"Display":"Orthodox (such as Greek or Russian Orthodox)"},"5":{"Display":"Jewish"},"6":{"Display":"Muslim"},"7":{"Display":"Buddhist"},"8":{"Display":"Hindu"},"9":{"Display":"Atheist"},"10":{"Display":"Agnostic"},"11":{"Display":"Something else"},"12":{"Display":"Nothing in particular"}}}},{"SurveyID":"SV_6YFUFAmg2iJR9Qy","Element":"SQ","PrimaryAttribute":"QID37","SecondaryAttribute":"Aside from weddings and funerals, how often do you attend religious services?","TertiaryAttribute":null,"Payload":{"QuestionText":"Aside from weddings and funerals, how often do you attend religious services?","DefaultChoices":false,"DataExportTag":"religious_attendance","QuestionType":"MC","Selector":"SAVR","Configuration":{"QuestionDescriptionOption":"UseText"},"QuestionDescription":"Aside from weddings and funerals, how often do you attend religious services?","ChoiceOrder":["1","2","3","4","5","6"],"Validation":{"Settings":{"ForceResponse":"ON","ForceResponseType":"ON","Type":"None"}},"GradingData":[],"Language":[],"NextChoiceId":7,"NextAnswerId":1,"QuestionID":"QID37","DataVisibility":{"Private":false,"Hidden":false},"SubSelector":"TX","Choices":{"1":{"Display":"More than once a week"},"2":{"Display":"Once a week"},"3":{"Display":"Once or twice a month"},"4":{"Display":"A few times a year"},"5":{"Display":"Seldom"},"6":{"Display":"Never"}}}},{"SurveyID":"SV_6YFUFAmg2iJR9Qy","Element":"SQ","PrimaryAttribute":"QID38","SecondaryAttribute":"Thank you for completing the conversation.","TertiaryAttribute":null,"Payload":{"QuestionText":"<p>Thank you for completing the conversation.</p><p>The next few pages will ask about your views on a political topic you indicated earlier: <strong>${e://Field/political_topic}</strong>.</p><p>There are no right or wrong answers. We are simply interested in your views.</p>","DefaultChoices":false,"DataExportTag":"post_chat_transition","QuestionType":"DB","Selector":"TB","Configuration":{"QuestionDescriptionOption":"UseText"},"QuestionDescription":"Thank you for completing the conversation.","ChoiceOrder":[],"Validation":{"Settings":{"Type":"None"}},"GradingData":[],"Language":[],"NextChoiceId":4,"NextAnswerId":1,"QuestionID":"QID38","DataVisibility":{"Private":false,"Hidden":false}}}]}